{
  "name": "json-diff-tool",
  "version": "1.0.0",
  "lockfileVersion": 3,
  "requires": true,
  "packages": {
    "": {
      "name": "json-diff-tool",
      "version": "1.0.0",
      "license": "MIT",
      "dependencies": {
        "chalk": "^5.3.0",
        "cli-table3": "^0.6.3",
        "commander": "^11.1.0",
        "js-yaml": "^4.1.0",
        "json5": "^2.2.3"
      },
      "bin": {
        "json-diff": "dist/index.js"
      },
      "devDependencies": {
        "@types/node": "^20.11.24",
        "@vitest/coverage-v8": "^1.3.1",
        "typescript": "^5.3.3",
        "vitest": "^1.3.1"
      },
      "engines": {
        "node": ">=16.0.0"
      }
    },
    "../../node_modules/.pnpm/@types+node@20.19.11/node_modules/@types/node": {
      "version": "20.19.11",
      "dev": true,
      "license": "MIT",
      "dependencies": {
        "undici-types": "~6.21.0"
      }
    },
    "../../node_modules/.pnpm/@vitest+coverage-v8@1.6.1_vitest@1.6.1_@types+node@20.19.11_/node_modules/@vitest/coverage-v8": {
      "version": "1.6.1",
      "dev": true,
      "license": "MIT",
      "dependencies": {
        "@ampproject/remapping": "^2.2.1",
        "@bcoe/v8-coverage": "^0.2.3",
        "debug": "^4.3.4",
        "istanbul-lib-coverage": "^3.2.2",
        "istanbul-lib-report": "^3.0.1",
        "istanbul-lib-source-maps": "^5.0.4",
        "istanbul-reports": "^3.1.6",
        "magic-string": "^0.30.5",
        "magicast": "^0.3.3",
        "picocolors": "^1.0.0",
        "std-env": "^3.5.0",
        "strip-literal": "^2.0.0",
        "test-exclude": "^6.0.0"
      },
      "devDependencies": {
        "@types/debug": "^4.1.12",
        "@types/istanbul-lib-coverage": "^2.0.6",
        "@types/istanbul-lib-report": "^3.0.3",
        "@types/istanbul-lib-source-maps": "^4.0.4",
        "@types/istanbul-reports": "^3.0.4",
        "pathe": "^1.1.1",
        "v8-to-istanbul": "^9.2.0",
        "vite-node": "1.6.1",
        "vitest": "1.6.1"
      },
      "funding": {
        "url": "https://opencollective.com/vitest"
      },
      "peerDependencies": {
        "vitest": "1.6.1"
      }
    },
    "../../node_modules/.pnpm/chalk@5.6.0/node_modules/chalk": {
      "version": "5.6.0",
      "license": "MIT",
      "devDependencies": {
        "@types/node": "^16.11.10",
        "ava": "^3.15.0",
        "c8": "^7.10.0",
        "color-convert": "^2.0.1",
        "execa": "^6.0.0",
        "log-update": "^5.0.0",
        "matcha": "^0.7.0",
        "tsd": "^0.19.0",
        "xo": "^0.57.0",
        "yoctodelay": "^2.0.0"
      },
      "engines": {
        "node": "^12.17.0 || ^14.13 || >=16.0.0"
      },
      "funding": {
        "url": "https://github.com/chalk/chalk?sponsor=1"
      }
    },
    "../../node_modules/.pnpm/cli-table3@0.6.5/node_modules/cli-table3": {
      "version": "0.6.5",
      "license": "MIT",
      "dependencies": {
        "string-width": "^4.2.0"
      },
      "devDependencies": {
        "cli-table": "^0.3.1",
        "eslint": "^6.0.0",
        "eslint-config-prettier": "^6.0.0",
        "eslint-plugin-prettier": "^3.0.0",
        "jest": "^25.2.4",
        "jest-runner-eslint": "^0.7.0",
        "lerna-changelog": "^1.0.1",
        "prettier": "2.3.2"
      },
      "engines": {
        "node": "10.* || >= 12.*"
      },
      "optionalDependencies": {
        "@colors/colors": "1.5.0"
      }
    },
    "../../node_modules/.pnpm/commander@11.1.0/node_modules/commander": {
      "version": "11.1.0",
      "license": "MIT",
      "devDependencies": {
        "@types/jest": "^29.2.4",
        "@types/node": "^20.2.5",
        "@typescript-eslint/eslint-plugin": "^5.47.1",
        "@typescript-eslint/parser": "^5.47.1",
        "eslint": "^8.30.0",
        "eslint-config-standard": "^17.0.0",
        "eslint-config-standard-with-typescript": "^33.0.0",
        "eslint-plugin-import": "^2.26.0",
        "eslint-plugin-jest": "^27.1.7",
        "eslint-plugin-n": "^15.6.0",
        "eslint-plugin-promise": "^6.1.1",
        "jest": "^29.3.1",
        "ts-jest": "^29.0.3",
        "tsd": "^0.28.1",
        "typescript": "^5.0.4"
      },
      "engines": {
        "node": ">=16"
      }
    },
    "../../node_modules/.pnpm/js-yaml@4.1.0/node_modules/js-yaml": {
      "version": "4.1.0",
      "license": "MIT",
      "dependencies": {
        "argparse": "^2.0.1"
      },
      "bin": {
        "js-yaml": "bin/js-yaml.js"
      },
      "devDependencies": {
        "@rollup/plugin-commonjs": "^17.0.0",
        "@rollup/plugin-node-resolve": "^11.0.0",
        "ansi": "^0.3.1",
        "benchmark": "^2.1.4",
        "codemirror": "^5.13.4",
        "eslint": "^7.0.0",
        "fast-check": "^2.8.0",
        "gh-pages": "^3.1.0",
        "mocha": "^8.2.1",
        "nyc": "^15.1.0",
        "rollup": "^2.34.1",
        "rollup-plugin-node-polyfills": "^0.2.1",
        "rollup-plugin-terser": "^7.0.2",
        "shelljs": "^0.8.4"
      }
    },
    "../../node_modules/.pnpm/json5@2.2.3/node_modules/json5": {
      "version": "2.2.3",
      "license": "MIT",
      "bin": {
        "json5": "lib/cli.js"
      },
      "devDependencies": {
        "core-js": "^2.6.5",
        "eslint": "^5.15.3",
        "eslint-config-standard": "^12.0.0",
        "eslint-plugin-import": "^2.16.0",
        "eslint-plugin-node": "^8.0.1",
        "eslint-plugin-promise": "^4.0.1",
        "eslint-plugin-standard": "^4.0.0",
        "npm-run-all": "^4.1.5",
        "regenerate": "^1.4.0",
        "rollup": "^0.64.1",
        "rollup-plugin-buble": "^0.19.6",
        "rollup-plugin-commonjs": "^9.2.1",
        "rollup-plugin-node-resolve": "^3.4.0",
        "rollup-plugin-terser": "^1.0.1",
        "sinon": "^6.3.5",
        "tap": "^12.6.0",
        "unicode-10.0.0": "^0.7.5"
      },
      "engines": {
        "node": ">=6"
      }
    },
    "../../node_modules/.pnpm/typescript@5.9.2/node_modules/typescript": {
      "version": "5.9.2",
      "dev": true,
      "license": "Apache-2.0",
      "bin": {
        "tsc": "bin/tsc",
        "tsserver": "bin/tsserver"
      },
      "devDependencies": {
        "@dprint/formatter": "^0.4.1",
        "@dprint/typescript": "0.93.4",
        "@esfx/canceltoken": "^1.0.0",
        "@eslint/js": "^9.20.0",
        "@octokit/rest": "^21.1.1",
        "@types/chai": "^4.3.20",
        "@types/diff": "^7.0.1",
        "@types/minimist": "^1.2.5",
        "@types/mocha": "^10.0.10",
        "@types/ms": "^0.7.34",
        "@types/node": "latest",
        "@types/source-map-support": "^0.5.10",
        "@types/which": "^3.0.4",
        "@typescript-eslint/rule-tester": "^8.24.1",
        "@typescript-eslint/type-utils": "^8.24.1",
        "@typescript-eslint/utils": "^8.24.1",
        "azure-devops-node-api": "^14.1.0",
        "c8": "^10.1.3",
        "chai": "^4.5.0",
        "chokidar": "^4.0.3",
        "diff": "^7.0.0",
        "dprint": "^0.49.0",
        "esbuild": "^0.25.0",
        "eslint": "^9.20.1",
        "eslint-formatter-autolinkable-stylish": "^1.4.0",
        "eslint-plugin-regexp": "^2.7.0",
        "fast-xml-parser": "^4.5.2",
        "glob": "^10.4.5",
        "globals": "^15.15.0",
        "hereby": "^1.10.0",
        "jsonc-parser": "^3.3.1",
        "knip": "^5.44.4",
        "minimist": "^1.2.8",
        "mocha": "^10.8.2",
        "mocha-fivemat-progress-reporter": "^0.1.0",
        "monocart-coverage-reports": "^2.12.1",
        "ms": "^2.1.3",
        "picocolors": "^1.1.1",
        "playwright": "^1.50.1",
        "source-map-support": "^0.5.21",
        "tslib": "^2.8.1",
        "typescript": "^5.7.3",
        "typescript-eslint": "^8.24.1",
        "which": "^3.0.1"
      },
      "engines": {
        "node": ">=14.17"
      }
    },
    "../../node_modules/.pnpm/vitest@1.6.1_@types+node@20.19.11/node_modules/vitest": {
      "version": "1.6.1",
      "dev": true,
      "license": "MIT",
      "dependencies": {
        "@vitest/expect": "1.6.1",
        "@vitest/runner": "1.6.1",
        "@vitest/snapshot": "1.6.1",
        "@vitest/spy": "1.6.1",
        "@vitest/utils": "1.6.1",
        "acorn-walk": "^8.3.2",
        "chai": "^4.3.10",
        "debug": "^4.3.4",
        "execa": "^8.0.1",
        "local-pkg": "^0.5.0",
        "magic-string": "^0.30.5",
        "pathe": "^1.1.1",
        "picocolors": "^1.0.0",
        "std-env": "^3.5.0",
        "strip-literal": "^2.0.0",
        "tinybench": "^2.5.1",
        "tinypool": "^0.8.3",
        "vite": "^5.0.0",
        "vite-node": "1.6.1",
        "why-is-node-running": "^2.2.2"
      },
      "bin": {
        "vitest": "vitest.mjs"
      },
      "devDependencies": {
        "@ampproject/remapping": "^2.2.1",
        "@antfu/install-pkg": "^0.3.1",
        "@edge-runtime/vm": "^3.1.8",
        "@sinonjs/fake-timers": "11.1.0",
        "@types/estree": "^1.0.5",
        "@types/istanbul-lib-coverage": "^2.0.6",
        "@types/istanbul-reports": "^3.0.4",
        "@types/jsdom": "^21.1.6",
        "@types/micromatch": "^4.0.6",
        "@types/node": "^20.11.5",
        "@types/prompts": "^2.4.9",
        "@types/sinonjs__fake-timers": "^8.1.5",
        "birpc": "0.2.15",
        "cac": "^6.7.14",
        "chai-subset": "^1.6.0",
        "cli-truncate": "^4.0.0",
        "expect-type": "^0.17.3",
        "fast-glob": "^3.3.2",
        "find-up": "^6.3.0",
        "flatted": "^3.2.9",
        "get-tsconfig": "^4.7.3",
        "happy-dom": "^14.3.10",
        "jsdom": "^24.0.0",
        "log-update": "^5.0.1",
        "micromatch": "^4.0.5",
        "p-limit": "^5.0.0",
        "pretty-format": "^29.7.0",
        "prompts": "^2.4.2",
        "strip-ansi": "^7.1.0",
        "ws": "^8.14.2"
      },
      "engines": {
        "node": "^18.0.0 || >=20.0.0"
      },
      "funding": {
        "url": "https://opencollective.com/vitest"
      },
      "peerDependencies": {
        "@edge-runtime/vm": "*",
        "@types/node": "^18.0.0 || >=20.0.0",
        "@vitest/browser": "1.6.1",
        "@vitest/ui": "1.6.1",
        "happy-dom": "*",
        "jsdom": "*"
      },
      "peerDependenciesMeta": {
        "@edge-runtime/vm": {
          "optional": true
        },
        "@types/node": {
          "optional": true
        },
        "@vitest/browser": {
          "optional": true
        },
        "@vitest/ui": {
          "optional": true
        },
        "happy-dom": {
          "optional": true
        },
        "jsdom": {
          "optional": true
        }
      }
    },
    "node_modules/@types/node": {
      "resolved": "../../node_modules/.pnpm/@types+node@20.19.11/node_modules/@types/node",
      "link": true
    },
    "node_modules/@vitest/coverage-v8": {
      "resolved": "../../node_modules/.pnpm/@vitest+coverage-v8@1.6.1_vitest@1.6.1_@types+node@20.19.11_/node_modules/@vitest/coverage-v8",
      "link": true
    },
    "node_modules/chalk": {
      "resolved": "../../node_modules/.pnpm/chalk@5.6.0/node_modules/chalk",
      "link": true
    },
    "node_modules/cli-table3": {
      "resolved": "../../node_modules/.pnpm/cli-table3@0.6.5/node_modules/cli-table3",
      "link": true
    },
    "node_modules/commander": {
      "resolved": "../../node_modules/.pnpm/commander@11.1.0/node_modules/commander",
      "link": true
    },
    "node_modules/js-yaml": {
      "resolved": "../../node_modules/.pnpm/js-yaml@4.1.0/node_modules/js-yaml",
      "link": true
    },
    "node_modules/json5": {
      "resolved": "../../node_modules/.pnpm/json5@2.2.3/node_modules/json5",
      "link": true
    },
    "node_modules/typescript": {
      "resolved": "../../node_modules/.pnpm/typescript@5.9.2/node_modules/typescript",
      "link": true
    },
    "node_modules/vitest": {
      "resolved": "../../node_modules/.pnpm/vitest@1.6.1_@types+node@20.19.11/node_modules/vitest",
      "link": true
    }
  }
}
